{
  "name": "phone-num-picker",
  "version": "0.0.1",
  "lockfileVersion": 3,
  "requires": true,
  "packages": {
    "": {
      "name": "phone-num-picker",
      "version": "0.0.1",
      "dependencies": {
        "awesome-phonenumber": "^7.8.0",
        "country-flag-icons": "^1.6.20",
        "tslib": "^2.8.1"
      },
      "devDependencies": {
        "@angular/cdk": "^22.1.2",
        "@angular/material": "^22.1.2"
      },
      "peerDependencies": {
        "@angular/common": "^22.1.1",
        "@angular/core": "^22.1.1"
      }
    },
    "node_modules/@angular/cdk": {
      "version": "22.1.2",
      "resolved": "https://registry.npmjs.org/@angular/cdk/-/cdk-22.1.2.tgz",
      "integrity": "sha512-YwTzVnTgZIQDLq3lnnPLINIB24e0SiDn7XxBxHSrOzD/+Y0zLAid5XIiMALXWOqa7rfdhfVh1kEeM93RRLnllQ==",
      "dev": true,
      "license": "MIT",
      "dependencies": {
        "parse5": "^8.0.0",
        "tslib": "^2.3.0"
      },
      "peerDependencies": {
        "@angular/common": "^22.0.0 || ^23.0.0",
        "@angular/core": "^22.0.0 || ^23.0.0",
        "@angular/platform-browser": "^22.0.0 || ^23.0.0",
        "rxjs": "^6.5.3 || ^7.4.0"
      }
    },
    "node_modules/@angular/common": {
      "version": "22.1.2",
      "resolved": "https://registry.npmjs.org/@angular/common/-/common-22.1.2.tgz",
      "integrity": "sha512-8TzyYPBDvSItV8Vqq8k5u8a9fWaomC9bMEr8z1vVLRZDIPhNQ/UcCyuTYbC7GZkeqrrKGu5m8tjUrA09RCwuaQ==",
      "license": "MIT",
      "peer": true,
      "dependencies": {
        "tslib": "^2.3.0"
      },
      "engines": {
        "node": "^22.22.3 || ^24.15.0 || >=26.0.0"
      },
      "peerDependencies": {
        "@angular/core": "22.1.2",
        "rxjs": "^6.5.3 || ^7.4.0"
      }
    },
    "node_modules/@angular/core": {
      "version": "22.1.2",
      "resolved": "https://registry.npmjs.org/@angular/core/-/core-22.1.2.tgz",
      "integrity": "sha512-t7BrgfdeqbdSbFe3CsGX8ySMeKDlZNBPxFMCOanAAqd6W0H1Kh1WFILBs3DIg0NfjpybfSRJAzKcagOFQWNtiw==",
      "license": "MIT",
      "peer": true,
      "dependencies": {
        "tslib": "^2.3.0"
      },
      "engines": {
        "node": "^22.22.3 || ^24.15.0 || >=26.0.0"
      },
      "peerDependencies": {
        "@angular/compiler": "22.1.2",
        "rxjs": "^6.5.3 || ^7.4.0",
        "zone.js": "~0.15.0 || ~0.16.0"
      },
      "peerDependenciesMeta": {
        "@angular/compiler": {
          "optional": true
        },
        "zone.js": {
          "optional": true
        }
      }
    },
    "node_modules/@angular/forms": {
      "version": "22.1.2",
      "resolved": "https://registry.npmjs.org/@angular/forms/-/forms-22.1.2.tgz",
      "integrity": "sha512-pKDYSNKje/jox74KzswBdX4sL7kJ8OFkJwLnqng8oc7a/NVl/Vf4/Xq4kyowRAdtPcZfLTUnZG6s0qbegfV5mg==",
      "dev": true,
      "license": "MIT",
      "peer": true,
      "dependencies": {
        "@standard-schema/spec": "^1.0.0",
        "tslib": "^2.3.0",
        "zod": "^4.0.10"
      },
      "engines": {
        "node": "^22.22.3 || ^24.15.0 || >=26.0.0"
      },
      "peerDependencies": {
        "@angular/common": "22.1.2",
        "@angular/core": "22.1.2",
        "@angular/platform-browser": "22.1.2",
        "rxjs": "^6.5.3 || ^7.4.0"
      }
    },
    "node_modules/@angular/material": {
      "version": "22.1.2",
      "resolved": "https://registry.npmjs.org/@angular/material/-/material-22.1.2.tgz",
      "integrity": "sha512-KX0bVUppfwjDfUepsjpG1CAQGUGHI0l5e0QYpFcskB+1wNRCocBGsIO1br5z6neYu0rzsbhtWocjCeH05gwi7w==",
      "dev": true,
      "license": "MIT",
      "dependencies": {
        "tslib": "^2.3.0"
      },
      "peerDependencies": {
        "@angular/cdk": "22.1.2",
        "@angular/common": "^22.0.0 || ^23.0.0",
        "@angular/core": "^22.0.0 || ^23.0.0",
        "@angular/forms": "^22.0.0 || ^23.0.0",
        "@angular/platform-browser": "^22.0.0 || ^23.0.0",
        "rxjs": "^6.5.3 || ^7.4.0"
      }
    },
    "node_modules/@angular/platform-browser": {
      "version": "22.1.2",
      "resolved": "https://registry.npmjs.org/@angular/platform-browser/-/platform-browser-22.1.2.tgz",
      "integrity": "sha512-MQO735ve/tk4gLsWbw8NyBD/DxPfbbmf1pM/vp6K7tZz2xyysMXilqF/k8PBdQBZVOofST8S13inZHQ35nHuRA==",
      "dev": true,
      "license": "MIT",
      "peer": true,
      "dependencies": {
        "tslib": "^2.3.0"
      },
      "engines": {
        "node": "^22.22.3 || ^24.15.0 || >=26.0.0"
      },
      "peerDependencies": {
        "@angular/animations": "22.1.2",
        "@angular/common": "22.1.2",
        "@angular/core": "22.1.2"
      },
      "peerDependenciesMeta": {
        "@angular/animations": {
          "optional": true
        }
      }
    },
    "node_modules/@standard-schema/spec": {
      "version": "1.1.0",
      "resolved": "https://registry.npmjs.org/@standard-schema/spec/-/spec-1.1.0.tgz",
      "integrity": "sha512-l2aFy5jALhniG5HgqrD6jXLi/rUWrKvqN/qJx6yoJsgKhblVd+iqqU4RCXavm/jPityDo5TCvKMnpjKnOriy0w==",
      "dev": true,
      "license": "MIT",
      "peer": true
    },
    "node_modules/awesome-phonenumber": {
      "version": "7.8.0",
      "resolved": "https://registry.npmjs.org/awesome-phonenumber/-/awesome-phonenumber-7.8.0.tgz",
      "integrity": "sha512-zw23nvKt6gLGgCrKZ5Z7ZK0lm3k39/uZTw+cWp5tpiXVfEFSt9AEVFDzSycws76G64xOMrIVp2upYvJxwRgzvw==",
      "license": "MIT",
      "workspaces": [
        "webpack",
        "cjs-test",
        "esm-test"
      ],
      "engines": {
        "node": ">=18"
      }
    },
    "node_modules/country-flag-icons": {
      "version": "1.6.20",
      "resolved": "https://registry.npmjs.org/country-flag-icons/-/country-flag-icons-1.6.20.tgz",
      "integrity": "sha512-py8JiEKzjhYw6HPJ0L7SxLgCYim36UPRTZX43/kqGueUCZLSvnrqAiwW8HtQibur7mdkFQUkjOgdK+o/9FBtaw==",
      "license": "MIT"
    },
    "node_modules/entities": {
      "version": "8.0.0",
      "resolved": "https://registry.npmjs.org/entities/-/entities-8.0.0.tgz",
      "integrity": "sha512-zwfzJecQ/Uej6tusMqwAqU/6KL2XaB2VZ2Jg54Je6ahNBGNH6Ek6g3jjNCF0fG9EWQKGZNddNjU5F1ZQn/sBnA==",
      "dev": true,
      "license": "BSD-2-Clause",
      "engines": {
        "node": ">=20.19.0"
      },
      "funding": {
        "url": "https://github.com/fb55/entities?sponsor=1"
      }
    },
    "node_modules/parse5": {
      "version": "8.0.1",
      "resolved": "https://registry.npmjs.org/parse5/-/parse5-8.0.1.tgz",
      "integrity": "sha512-z1e/HMG90obSGeidlli3hj7cbocou0/wa5HacvI3ASx34PecNjNQeaHNo5WIZpWofN9kgkqV1q5YvXe3F0FoPw==",
      "dev": true,
      "license": "MIT",
      "dependencies": {
        "entities": "^8.0.0"
      },
      "funding": {
        "url": "https://github.com/inikulin/parse5?sponsor=1"
      }
    },
    "node_modules/rxjs": {
      "version": "7.8.2",
      "resolved": "https://registry.npmjs.org/rxjs/-/rxjs-7.8.2.tgz",
      "integrity": "sha512-dhKf903U/PQZY6boNNtAGdWbG85WAbjT/1xYoZIC7FAY0yWapOBQVsVrDl58W86//e1VpMNBtRV4MaXfdMySFA==",
      "license": "Apache-2.0",
      "peer": true,
      "dependencies": {
        "tslib": "^2.1.0"
      }
    },
    "node_modules/tslib": {
      "version": "2.8.1",
      "resolved": "https://registry.npmjs.org/tslib/-/tslib-2.8.1.tgz",
      "integrity": "sha512-oJFu94HQb+KVduSUQL7wnpmqnfmLsOA/nAh6b6EH0wCEoK0/mPeXU6c3wKDV83MkOuHPRHtSXKKU99IBazS/2w==",
      "license": "0BSD"
    },
    "node_modules/zod": {
      "version": "4.4.3",
      "resolved": "https://registry.npmjs.org/zod/-/zod-4.4.3.tgz",
      "integrity": "sha512-ytENFjIJFl2UwYglde2jchW2Hwm4GJFLDiSXWdTrJQBIN9Fcyp7n4DhxJEiWNAJMV1/BqWfW/kkg71UDcHJyTQ==",
      "dev": true,
      "license": "MIT",
      "peer": true,
      "funding": {
        "url": "https://github.com/sponsors/colinhacks"
      }
    }
  }
}
